
Microsoft Visual Studio Solution File, Format Version 12.00
# Visual Studio Version 17
VisualStudioVersion = 17.8.34309.116
MinimumVisualStudioVersion = 10.0.40219.1
Project("{9A19103F-16F7-4668-BE54-9A1E7A4F7556}") = "BlazorServer.DecoratorPatternExample", "BlazorServer.DecoratorPatternExample\BlazorServer.DecoratorPatternExample.csproj", "{38CD9207-1D7D-4537-9B09-07FDEE0EC87E}"
EndProject
Project("{FAE04EC0-301F-11D3-BF4B-00C04F79EFBC}") = "BlazorServer.DecoratorPatternExample.UnitTests", "BlazorServer.DecoratorPatternExample.UnitTests\BlazorServer.DecoratorPatternExample.UnitTests.csproj", "{6EE164DE-ADF5-4EDB-82BC-96DE70619DA4}"
EndProject
Global
	GlobalSection(SolutionConfigurationPlatforms) = preSolution
		Debug|Any CPU = Debug|Any CPU
		Release|Any CPU = Release|Any CPU
	EndGlobalSection
	GlobalSection(ProjectConfigurationPlatforms) = postSolution
		{38CD9207-1D7D-4537-9B09-07FDEE0EC87E}.Debug|Any CPU.ActiveCfg = Debug|Any CPU
		{38CD9207-1D7D-4537-9B09-07FDEE0EC87E}.Debug|Any CPU.Build.0 = Debug|Any CPU
		{38CD9207-1D7D-4537-9B09-07FDEE0EC87E}.Release|Any CPU.ActiveCfg = Release|Any CPU
		{38CD9207-1D7D-4537-9B09-07FDEE0EC87E}.Release|Any CPU.Build.0 = Release|Any CPU
		{6EE164DE-ADF5-4EDB-82BC-96DE70619DA4}.Debug|Any CPU.ActiveCfg = Debug|Any CPU
		{6EE164DE-ADF5-4EDB-82BC-96DE70619DA4}.Debug|Any CPU.Build.0 = Debug|Any CPU
		{6EE164DE-ADF5-4EDB-82BC-96DE70619DA4}.Release|Any CPU.ActiveCfg = Release|Any CPU
		{6EE164DE-ADF5-4EDB-82BC-96DE70619DA4}.Release|Any CPU.Build.0 = Release|Any CPU
	EndGlobalSection
	GlobalSection(SolutionProperties) = preSolution
		HideSolutionNode = FALSE
	EndGlobalSection
	GlobalSection(ExtensibilityGlobals) = postSolution
		SolutionGuid = {FCB5F1FF-CAAF-4DAA-9D43-D02770494C20}
	EndGlobalSection
EndGlobal
